
Microsoft Visual Studio Solution File, Format Version 12.00
# Visual Studio Version 17
VisualStudioVersion = 17.5.33424.131
MinimumVisualStudioVersion = 10.0.40219.1
Project("{9A19103F-16F7-4668-BE54-9A1E7A4F7556}") = "WebCast.XBike.Domain", "Core\WebCast.XBike.Domain.csproj", "{DA2E3EF2-BD74-45C2-9EF0-32C9A6ACD170}"
EndProject
Project("{9A19103F-16F7-4668-BE54-9A1E7A4F7556}") = "WebCast.XBike.Infra", "Data\WebCast.XBike.Infra.csproj", "{B9834C54-7FD4-4051-A436-3B808FECA275}"
EndProject
Project("{9A19103F-16F7-4668-BE54-9A1E7A4F7556}") = "WebCast.XBike.UnitTest", "WebAPi.xUnitTests\WebCast.XBike.UnitTest.csproj", "{3A018D83-8367-463E-AF48-83A0E13AA7D1}"
EndProject
Project("{9A19103F-16F7-4668-BE54-9A1E7A4F7556}") = "WebCast.XBike.Application", "WebCast.XBike.Application\WebCast.XBike.Application.csproj", "{7FE80313-DCD3-465C-AA90-761315BF2EC9}"
EndProject
Project("{9A19103F-16F7-4668-BE54-9A1E7A4F7556}") = "WebCast.XBike.API", "WebCast.XBike.API\WebCast.XBike.API.csproj", "{5A1634E9-8133-4525-B467-061D413DD780}"
EndProject
Global
	GlobalSection(SolutionConfigurationPlatforms) = preSolution
		Debug|Any CPU = Debug|Any CPU
		Release|Any CPU = Release|Any CPU
	EndGlobalSection
	GlobalSection(ProjectConfigurationPlatforms) = postSolution
		{DA2E3EF2-BD74-45C2-9EF0-32C9A6ACD170}.Debug|Any CPU.ActiveCfg = Debug|Any CPU
		{DA2E3EF2-BD74-45C2-9EF0-32C9A6ACD170}.Debug|Any CPU.Build.0 = Debug|Any CPU
		{DA2E3EF2-BD74-45C2-9EF0-32C9A6ACD170}.Release|Any CPU.ActiveCfg = Release|Any CPU
		{DA2E3EF2-BD74-45C2-9EF0-32C9A6ACD170}.Release|Any CPU.Build.0 = Release|Any CPU
		{B9834C54-7FD4-4051-A436-3B808FECA275}.Debug|Any CPU.ActiveCfg = Debug|Any CPU
		{B9834C54-7FD4-4051-A436-3B808FECA275}.Debug|Any CPU.Build.0 = Debug|Any CPU
		{B9834C54-7FD4-4051-A436-3B808FECA275}.Release|Any CPU.ActiveCfg = Release|Any CPU
		{B9834C54-7FD4-4051-A436-3B808FECA275}.Release|Any CPU.Build.0 = Release|Any CPU
		{3A018D83-8367-463E-AF48-83A0E13AA7D1}.Debug|Any CPU.ActiveCfg = Debug|Any CPU
		{3A018D83-8367-463E-AF48-83A0E13AA7D1}.Debug|Any CPU.Build.0 = Debug|Any CPU
		{3A018D83-8367-463E-AF48-83A0E13AA7D1}.Release|Any CPU.ActiveCfg = Release|Any CPU
		{3A018D83-8367-463E-AF48-83A0E13AA7D1}.Release|Any CPU.Build.0 = Release|Any CPU
		{7FE80313-DCD3-465C-AA90-761315BF2EC9}.Debug|Any CPU.ActiveCfg = Debug|Any CPU
		{7FE80313-DCD3-465C-AA90-761315BF2EC9}.Debug|Any CPU.Build.0 = Debug|Any CPU
		{7FE80313-DCD3-465C-AA90-761315BF2EC9}.Release|Any CPU.ActiveCfg = Release|Any CPU
		{7FE80313-DCD3-465C-AA90-761315BF2EC9}.Release|Any CPU.Build.0 = Release|Any CPU
		{5A1634E9-8133-4525-B467-061D413DD780}.Debug|Any CPU.ActiveCfg = Debug|Any CPU
		{5A1634E9-8133-4525-B467-061D413DD780}.Debug|Any CPU.Build.0 = Debug|Any CPU
		{5A1634E9-8133-4525-B467-061D413DD780}.Release|Any CPU.ActiveCfg = Release|Any CPU
		{5A1634E9-8133-4525-B467-061D413DD780}.Release|Any CPU.Build.0 = Release|Any CPU
	EndGlobalSection
	GlobalSection(SolutionProperties) = preSolution
		HideSolutionNode = FALSE
	EndGlobalSection
	GlobalSection(ExtensibilityGlobals) = postSolution
		SolutionGuid = {587C5E22-A22B-4F4C-B754-66295BB3A645}
	EndGlobalSection
EndGlobal
